
Microsoft Visual Studio Solution File, Format Version 12.00
# Visual Studio 14
VisualStudioVersion = 14.0.25420.1
MinimumVisualStudioVersion = 10.0.40219.1
Project("{D2ABAB84-BF74-430A-B69E-9DC6D40DDA17}") = "Project_SSAS", "Project_SSAS\Project_SSAS.dwproj", "{FCDCCE66-D52A-43D4-A90B-D2EEF6B07F7F}"
EndProject
Global
	GlobalSection(SolutionConfigurationPlatforms) = preSolution
		Development|Default = Development|Default
	EndGlobalSection
	GlobalSection(ProjectConfigurationPlatforms) = postSolution
		{FCDCCE66-D52A-43D4-A90B-D2EEF6B07F7F}.Development|Default.ActiveCfg = Development
		{FCDCCE66-D52A-43D4-A90B-D2EEF6B07F7F}.Development|Default.Build.0 = Development
		{FCDCCE66-D52A-43D4-A90B-D2EEF6B07F7F}.Development|Default.Deploy.0 = Development
	EndGlobalSection
	GlobalSection(SolutionProperties) = preSolution
		HideSolutionNode = FALSE
	EndGlobalSection
EndGlobal
